
Microsoft Visual Studio Solution File, Format Version 12.00
# Visual Studio 14
VisualStudioVersion = 14.0.23107.0
MinimumVisualStudioVersion = 10.0.40219.1
Project("{FAE04EC0-301F-11D3-BF4B-00C04F79EFBC}") = "WpfDiagnostics", "src\WpfDiagnostics\WpfDiagnostics.csproj", "{D998D3A1-1CFD-469E-8A76-6683D225C465}"
EndProject
Project("{FAE04EC0-301F-11D3-BF4B-00C04F79EFBC}") = "WpfDiagnostics.Test", "src\WpfDiagnostics.Test\WpfDiagnostics.Test.csproj", "{7C63FA2B-88EE-476D-BF22-D4793A8F4C63}"
EndProject
Project("{FAE04EC0-301F-11D3-BF4B-00C04F79EFBC}") = "WpfDiagnostics.Vsix", "src\WpfDiagnostics.Vsix\WpfDiagnostics.Vsix.csproj", "{F42AC55D-6F5B-4EFB-91A3-343209B767DA}"
EndProject
Global
	GlobalSection(SolutionConfigurationPlatforms) = preSolution
		Debug|Any CPU = Debug|Any CPU
		Release|Any CPU = Release|Any CPU
	EndGlobalSection
	GlobalSection(ProjectConfigurationPlatforms) = postSolution
		{D998D3A1-1CFD-469E-8A76-6683D225C465}.Debug|Any CPU.ActiveCfg = Debug|Any CPU
		{D998D3A1-1CFD-469E-8A76-6683D225C465}.Debug|Any CPU.Build.0 = Debug|Any CPU
		{D998D3A1-1CFD-469E-8A76-6683D225C465}.Release|Any CPU.ActiveCfg = Release|Any CPU
		{D998D3A1-1CFD-469E-8A76-6683D225C465}.Release|Any CPU.Build.0 = Release|Any CPU
		{7C63FA2B-88EE-476D-BF22-D4793A8F4C63}.Debug|Any CPU.ActiveCfg = Debug|Any CPU
		{7C63FA2B-88EE-476D-BF22-D4793A8F4C63}.Debug|Any CPU.Build.0 = Debug|Any CPU
		{7C63FA2B-88EE-476D-BF22-D4793A8F4C63}.Release|Any CPU.ActiveCfg = Release|Any CPU
		{7C63FA2B-88EE-476D-BF22-D4793A8F4C63}.Release|Any CPU.Build.0 = Release|Any CPU
		{F42AC55D-6F5B-4EFB-91A3-343209B767DA}.Debug|Any CPU.ActiveCfg = Debug|Any CPU
		{F42AC55D-6F5B-4EFB-91A3-343209B767DA}.Debug|Any CPU.Build.0 = Debug|Any CPU
		{F42AC55D-6F5B-4EFB-91A3-343209B767DA}.Release|Any CPU.ActiveCfg = Release|Any CPU
		{F42AC55D-6F5B-4EFB-91A3-343209B767DA}.Release|Any CPU.Build.0 = Release|Any CPU
	EndGlobalSection
	GlobalSection(SolutionProperties) = preSolution
		HideSolutionNode = FALSE
	EndGlobalSection
EndGlobal
